
Microsoft Visual Studio Solution File, Format Version 12.00
# Visual Studio 15
VisualStudioVersion = 15.0.27428.1
MinimumVisualStudioVersion = 10.0.40219.1
Project("{FAE04EC0-301F-11D3-BF4B-00C04F79EFBC}") = "Solution", "Solution\Solution.csproj", "{DCEAE616-4700-444F-B471-6F5EA5FE293C}"
EndProject
Global
	GlobalSection(SolutionConfigurationPlatforms) = preSolution
		Debug|Any CPU = Debug|Any CPU
		Release|Any CPU = Release|Any CPU
	EndGlobalSection
	GlobalSection(ProjectConfigurationPlatforms) = postSolution
		{DCEAE616-4700-444F-B471-6F5EA5FE293C}.Debug|Any CPU.ActiveCfg = Debug|Any CPU
		{DCEAE616-4700-444F-B471-6F5EA5FE293C}.Debug|Any CPU.Build.0 = Debug|Any CPU
		{DCEAE616-4700-444F-B471-6F5EA5FE293C}.Release|Any CPU.ActiveCfg = Release|Any CPU
		{DCEAE616-4700-444F-B471-6F5EA5FE293C}.Release|Any CPU.Build.0 = Release|Any CPU
	EndGlobalSection
	GlobalSection(SolutionProperties) = preSolution
		HideSolutionNode = FALSE
	EndGlobalSection
	GlobalSection(ExtensibilityGlobals) = postSolution
		SolutionGuid = {72AE379E-4277-4AAF-B57F-5C43EFEFA52C}
	EndGlobalSection
EndGlobal
